{
  "name": "fibo.github.io",
  "version": "1.0.0",
  "lockfileVersion": 1,
  "requires": true,
  "dependencies": {
    "commander": {
      "version": "2.11.0",
      "resolved": "https://registry.npmjs.org/commander/-/commander-2.11.0.tgz",
      "integrity": "sha512-b0553uYA5YAEGgyYIGYROzKQ7X5RAqedkfjiZxwi0kL1g3bOaBNNZfYkzt/CL0umgD5wc9Jec2FbB98CjkMRvQ=="
    },
    "dot-editorconfig": {
      "version": "1.0.1",
      "resolved": "https://registry.npmjs.org/dot-editorconfig/-/dot-editorconfig-1.0.1.tgz",
      "integrity": "sha1-I0K7TxI+ArZvlYy+Jy+DYo7KqYU=",
      "dev": true
    },
    "source-map": {
      "version": "0.6.1",
      "resolved": "https://registry.npmjs.org/source-map/-/source-map-0.6.1.tgz",
      "integrity": "sha512-UjgapumWlbMhkBgzT7Ykc5YXUT46F0iKu8SGXq0bcwP5dz/h0Plj6enJqjz1Zbq2l5WaqYnrVbwWOWMyF3F47g=="
    },
    "uglify-js": {
      "version": "3.1.5",
      "resolved": "https://registry.npmjs.org/uglify-js/-/uglify-js-3.1.5.tgz",
      "integrity": "sha512-tSqlO7/GZHAVSw6mbtJt2kz0ZcUrKUH7Xg92o52aE+gL0r6cXiASZY4dpHqQ7RVGXmoQuPA2qAkG4TkP59f8XA==",
      "requires": {
        "commander": "2.11.0",
        "source-map": "0.6.1"
      }
    }
  }
}
